
Microsoft Visual Studio Solution File, Format Version 12.00
# Visual Studio Version 17
VisualStudioVersion = 17.10.35013.160
MinimumVisualStudioVersion = 10.0.40219.1
Project("{9A19103F-16F7-4668-BE54-9A1E7A4F7556}") = "UserListApp.Server", "UserListApp.Server\UserListApp.Server.csproj", "{29ED4AE1-E3A4-475F-B82F-9C6567270D99}"
EndProject
Project("{54A90642-561A-4BB1-A94E-469ADEE60C69}") = "userlistapp.client", "userlistapp.client\userlistapp.client.esproj", "{F62810A4-0F14-415E-9317-1D63D164EABE}"
EndProject
Project("{FAE04EC0-301F-11D3-BF4B-00C04F79EFBC}") = "UserListApp.Infrastructure", "UserListApp.Infrastructure\UserListApp.Infrastructure.csproj", "{752EA95F-C5BB-4AB7-BA00-52DA0197CF1B}"
EndProject
Global
	GlobalSection(SolutionConfigurationPlatforms) = preSolution
		Debug|Any CPU = Debug|Any CPU
		Release|Any CPU = Release|Any CPU
	EndGlobalSection
	GlobalSection(ProjectConfigurationPlatforms) = postSolution
		{29ED4AE1-E3A4-475F-B82F-9C6567270D99}.Debug|Any CPU.ActiveCfg = Debug|Any CPU
		{29ED4AE1-E3A4-475F-B82F-9C6567270D99}.Debug|Any CPU.Build.0 = Debug|Any CPU
		{29ED4AE1-E3A4-475F-B82F-9C6567270D99}.Release|Any CPU.ActiveCfg = Release|Any CPU
		{29ED4AE1-E3A4-475F-B82F-9C6567270D99}.Release|Any CPU.Build.0 = Release|Any CPU
		{F62810A4-0F14-415E-9317-1D63D164EABE}.Debug|Any CPU.ActiveCfg = Debug|Any CPU
		{F62810A4-0F14-415E-9317-1D63D164EABE}.Debug|Any CPU.Build.0 = Debug|Any CPU
		{F62810A4-0F14-415E-9317-1D63D164EABE}.Release|Any CPU.ActiveCfg = Release|Any CPU
		{F62810A4-0F14-415E-9317-1D63D164EABE}.Release|Any CPU.Build.0 = Release|Any CPU
		{F62810A4-0F14-415E-9317-1D63D164EABE}.Release|Any CPU.Deploy.0 = Release|Any CPU
		{752EA95F-C5BB-4AB7-BA00-52DA0197CF1B}.Debug|Any CPU.ActiveCfg = Debug|Any CPU
		{752EA95F-C5BB-4AB7-BA00-52DA0197CF1B}.Debug|Any CPU.Build.0 = Debug|Any CPU
		{752EA95F-C5BB-4AB7-BA00-52DA0197CF1B}.Release|Any CPU.ActiveCfg = Release|Any CPU
		{752EA95F-C5BB-4AB7-BA00-52DA0197CF1B}.Release|Any CPU.Build.0 = Release|Any CPU
	EndGlobalSection
	GlobalSection(SolutionProperties) = preSolution
		HideSolutionNode = FALSE
	EndGlobalSection
	GlobalSection(ExtensibilityGlobals) = postSolution
		SolutionGuid = {F6C968A3-07ED-4B4D-A1AF-C6D577FB19BA}
	EndGlobalSection
EndGlobal
